
Microsoft Visual Studio Solution File, Format Version 12.00
# Visual Studio Version 17
VisualStudioVersion = 17.4.33205.214
MinimumVisualStudioVersion = 10.0.40219.1
Project("{FAE04EC0-301F-11D3-BF4B-00C04F79EFBC}") = "Desafio1", "Desafio1\Desafio1.csproj", "{09E0D4DE-C21A-4CFD-BAFD-7130267112DD}"
EndProject
Global
	GlobalSection(SolutionConfigurationPlatforms) = preSolution
		Debug|Any CPU = Debug|Any CPU
		Release|Any CPU = Release|Any CPU
	EndGlobalSection
	GlobalSection(ProjectConfigurationPlatforms) = postSolution
		{09E0D4DE-C21A-4CFD-BAFD-7130267112DD}.Debug|Any CPU.ActiveCfg = Debug|Any CPU
		{09E0D4DE-C21A-4CFD-BAFD-7130267112DD}.Debug|Any CPU.Build.0 = Debug|Any CPU
		{09E0D4DE-C21A-4CFD-BAFD-7130267112DD}.Release|Any CPU.ActiveCfg = Release|Any CPU
		{09E0D4DE-C21A-4CFD-BAFD-7130267112DD}.Release|Any CPU.Build.0 = Release|Any CPU
	EndGlobalSection
	GlobalSection(SolutionProperties) = preSolution
		HideSolutionNode = FALSE
	EndGlobalSection
	GlobalSection(ExtensibilityGlobals) = postSolution
		SolutionGuid = {56DA5BF4-09F1-4266-839B-16A4E0FE4265}
	EndGlobalSection
EndGlobal
